
Microsoft Visual Studio Solution File, Format Version 12.00
# Visual Studio Version 16
VisualStudioVersion = 16.0.31424.327
MinimumVisualStudioVersion = 10.0.40219.1
Project("{FAE04EC0-301F-11D3-BF4B-00C04F79EFBC}") = "EFT_Price_Tool", "EFT_Price_Tool\EFT_Price_Tool.csproj", "{9C0D9A55-F6D3-43A0-AD0F-461FE5A2BF46}"
EndProject
Global
	GlobalSection(SolutionConfigurationPlatforms) = preSolution
		Debug|Any CPU = Debug|Any CPU
		Release|Any CPU = Release|Any CPU
	EndGlobalSection
	GlobalSection(ProjectConfigurationPlatforms) = postSolution
		{9C0D9A55-F6D3-43A0-AD0F-461FE5A2BF46}.Debug|Any CPU.ActiveCfg = Debug|Any CPU
		{9C0D9A55-F6D3-43A0-AD0F-461FE5A2BF46}.Debug|Any CPU.Build.0 = Debug|Any CPU
		{9C0D9A55-F6D3-43A0-AD0F-461FE5A2BF46}.Release|Any CPU.ActiveCfg = Release|Any CPU
		{9C0D9A55-F6D3-43A0-AD0F-461FE5A2BF46}.Release|Any CPU.Build.0 = Release|Any CPU
	EndGlobalSection
	GlobalSection(SolutionProperties) = preSolution
		HideSolutionNode = FALSE
	EndGlobalSection
	GlobalSection(ExtensibilityGlobals) = postSolution
		SolutionGuid = {33E0C7C0-C383-4343-A7A0-955527D22E7D}
	EndGlobalSection
EndGlobal
